[[package]]
name = "cowpy"
version = "1.1.0"
description = "A cowsay clone for python in one file."
category = "main"
optional = false
python-versions = "*"

[metadata]
lock-version = "1.1"
python-versions = "^3.6"
content-hash = "d25e9483d27e5c7194827292e75f4972608ef15abf1c423675bf36f53178f64a"

[metadata.files]
cowpy = [
    {file = "cowpy-1.1.0.tar.gz", hash = "sha256:1bdc61d107df02fd34a9241f2220d0704a01d8ce16bed8bff3512a34a0efa56a"},
]
